
Microsoft Visual Studio Solution File, Format Version 12.00
# Visual Studio Version 17
VisualStudioVersion = 17.11.35303.130
MinimumVisualStudioVersion = 10.0.40219.1
Project("{C9674DCB-5085-4A16-B785-4C70DD1589BD}") = "OG17005_Gamatron_ETL", "OG17005_Gamatron_ETL\OG17005_Gamatron_ETL.dtproj", "{323F941E-C848-41A5-9391-14A7B5DDEA45}"
EndProject
Global
	GlobalSection(SolutionConfigurationPlatforms) = preSolution
		Development|Default = Development|Default
	EndGlobalSection
	GlobalSection(ProjectConfigurationPlatforms) = postSolution
		{323F941E-C848-41A5-9391-14A7B5DDEA45}.Development|Default.ActiveCfg = Development
		{323F941E-C848-41A5-9391-14A7B5DDEA45}.Development|Default.Build.0 = Development
	EndGlobalSection
	GlobalSection(SolutionProperties) = preSolution
		HideSolutionNode = FALSE
	EndGlobalSection
	GlobalSection(ExtensibilityGlobals) = postSolution
		SolutionGuid = {70B11B14-381E-46EB-B724-181507251BD8}
	EndGlobalSection
EndGlobal
